
Microsoft Visual Studio Solution File, Format Version 12.00
# Visual Studio Version 16
VisualStudioVersion = 16.0.31112.23
MinimumVisualStudioVersion = 10.0.40219.1
Project("{FAE04EC0-301F-11D3-BF4B-00C04F79EFBC}") = "SalesWebMvc", "SalesWebMvc\SalesWebMvc.csproj", "{D695AC27-48EF-4250-A4FE-9E60C1B968B4}"
EndProject
Global
	GlobalSection(SolutionConfigurationPlatforms) = preSolution
		Debug|Any CPU = Debug|Any CPU
		Release|Any CPU = Release|Any CPU
	EndGlobalSection
	GlobalSection(ProjectConfigurationPlatforms) = postSolution
		{D695AC27-48EF-4250-A4FE-9E60C1B968B4}.Debug|Any CPU.ActiveCfg = Debug|Any CPU
		{D695AC27-48EF-4250-A4FE-9E60C1B968B4}.Debug|Any CPU.Build.0 = Debug|Any CPU
		{D695AC27-48EF-4250-A4FE-9E60C1B968B4}.Release|Any CPU.ActiveCfg = Release|Any CPU
		{D695AC27-48EF-4250-A4FE-9E60C1B968B4}.Release|Any CPU.Build.0 = Release|Any CPU
	EndGlobalSection
	GlobalSection(SolutionProperties) = preSolution
		HideSolutionNode = FALSE
	EndGlobalSection
	GlobalSection(ExtensibilityGlobals) = postSolution
		SolutionGuid = {D9B0641A-2D95-4006-93CD-2E0AEB0D25CC}
	EndGlobalSection
EndGlobal
